
Microsoft Visual Studio Solution File, Format Version 12.00
# Visual Studio Version 16
VisualStudioVersion = 16.0.30503.244
MinimumVisualStudioVersion = 10.0.40219.1
Project("{FAE04EC0-301F-11D3-BF4B-00C04F79EFBC}") = "Game", "Game\Game.csproj", "{5F631C2F-D7CE-46ED-9FC8-C11F89A170CF}"
EndProject
Project("{FAE04EC0-301F-11D3-BF4B-00C04F79EFBC}") = "ProgramUI", "ProgramUI\ProgramUI.csproj", "{E21B80FD-66B8-4CA5-B7DA-7E584F16372C}"
EndProject
Global
	GlobalSection(SolutionConfigurationPlatforms) = preSolution
		Debug|Any CPU = Debug|Any CPU
		Release|Any CPU = Release|Any CPU
	EndGlobalSection
	GlobalSection(ProjectConfigurationPlatforms) = postSolution
		{5F631C2F-D7CE-46ED-9FC8-C11F89A170CF}.Debug|Any CPU.ActiveCfg = Debug|Any CPU
		{5F631C2F-D7CE-46ED-9FC8-C11F89A170CF}.Debug|Any CPU.Build.0 = Debug|Any CPU
		{5F631C2F-D7CE-46ED-9FC8-C11F89A170CF}.Release|Any CPU.ActiveCfg = Release|Any CPU
		{5F631C2F-D7CE-46ED-9FC8-C11F89A170CF}.Release|Any CPU.Build.0 = Release|Any CPU
		{E21B80FD-66B8-4CA5-B7DA-7E584F16372C}.Debug|Any CPU.ActiveCfg = Debug|Any CPU
		{E21B80FD-66B8-4CA5-B7DA-7E584F16372C}.Debug|Any CPU.Build.0 = Debug|Any CPU
		{E21B80FD-66B8-4CA5-B7DA-7E584F16372C}.Release|Any CPU.ActiveCfg = Release|Any CPU
		{E21B80FD-66B8-4CA5-B7DA-7E584F16372C}.Release|Any CPU.Build.0 = Release|Any CPU
	EndGlobalSection
	GlobalSection(SolutionProperties) = preSolution
		HideSolutionNode = FALSE
	EndGlobalSection
	GlobalSection(ExtensibilityGlobals) = postSolution
		SolutionGuid = {1393BD97-7244-42B5-89DE-A73B09158D46}
	EndGlobalSection
EndGlobal
